
Microsoft Visual Studio Solution File, Format Version 12.00
# Visual Studio Version 17
VisualStudioVersion = 17.12.35527.113 d17.12
MinimumVisualStudioVersion = 10.0.40219.1
Project("{FAE04EC0-301F-11D3-BF4B-00C04F79EFBC}") = "AssignmentTwoTaskTwo", "AssignmentTwoTaskTwo.csproj", "{B8730FD3-8914-43E8-B5B1-CC134E14125A}"
EndProject
Global
	GlobalSection(SolutionConfigurationPlatforms) = preSolution
		Debug|Any CPU = Debug|Any CPU
		Release|Any CPU = Release|Any CPU
	EndGlobalSection
	GlobalSection(ProjectConfigurationPlatforms) = postSolution
		{B8730FD3-8914-43E8-B5B1-CC134E14125A}.Debug|Any CPU.ActiveCfg = Debug|Any CPU
		{B8730FD3-8914-43E8-B5B1-CC134E14125A}.Debug|Any CPU.Build.0 = Debug|Any CPU
		{B8730FD3-8914-43E8-B5B1-CC134E14125A}.Release|Any CPU.ActiveCfg = Release|Any CPU
		{B8730FD3-8914-43E8-B5B1-CC134E14125A}.Release|Any CPU.Build.0 = Release|Any CPU
	EndGlobalSection
	GlobalSection(SolutionProperties) = preSolution
		HideSolutionNode = FALSE
	EndGlobalSection
EndGlobal
